
Microsoft Visual Studio Solution File, Format Version 11.00
# Visual Studio 2010
Project("{FAE04EC0-301F-11D3-BF4B-00C04F79EFBC}") = "MixpanelTest", "MixpanelTest\MixpanelTest.csproj", "{A6EDB38A-3067-4F2C-BFB3-8D0394983425}"
EndProject
Global
	GlobalSection(SolutionConfigurationPlatforms) = preSolution
		Debug|iPhoneSimulator = Debug|iPhoneSimulator
		Release|iPhoneSimulator = Release|iPhoneSimulator
		Debug|iPhone = Debug|iPhone
		Release|iPhone = Release|iPhone
		Ad-Hoc|iPhone = Ad-Hoc|iPhone
		AppStore|iPhone = AppStore|iPhone
	EndGlobalSection
	GlobalSection(ProjectConfigurationPlatforms) = postSolution
		{A6EDB38A-3067-4F2C-BFB3-8D0394983425}.Ad-Hoc|iPhone.ActiveCfg = Ad-Hoc|iPhone
		{A6EDB38A-3067-4F2C-BFB3-8D0394983425}.Ad-Hoc|iPhone.Build.0 = Ad-Hoc|iPhone
		{A6EDB38A-3067-4F2C-BFB3-8D0394983425}.AppStore|iPhone.ActiveCfg = AppStore|iPhone
		{A6EDB38A-3067-4F2C-BFB3-8D0394983425}.AppStore|iPhone.Build.0 = AppStore|iPhone
		{A6EDB38A-3067-4F2C-BFB3-8D0394983425}.Debug|iPhone.ActiveCfg = Debug|iPhone
		{A6EDB38A-3067-4F2C-BFB3-8D0394983425}.Debug|iPhone.Build.0 = Debug|iPhone
		{A6EDB38A-3067-4F2C-BFB3-8D0394983425}.Debug|iPhoneSimulator.ActiveCfg = Debug|iPhoneSimulator
		{A6EDB38A-3067-4F2C-BFB3-8D0394983425}.Debug|iPhoneSimulator.Build.0 = Debug|iPhoneSimulator
		{A6EDB38A-3067-4F2C-BFB3-8D0394983425}.Release|iPhone.ActiveCfg = Release|iPhone
		{A6EDB38A-3067-4F2C-BFB3-8D0394983425}.Release|iPhone.Build.0 = Release|iPhone
		{A6EDB38A-3067-4F2C-BFB3-8D0394983425}.Release|iPhoneSimulator.ActiveCfg = Release|iPhoneSimulator
		{A6EDB38A-3067-4F2C-BFB3-8D0394983425}.Release|iPhoneSimulator.Build.0 = Release|iPhoneSimulator
	EndGlobalSection
	GlobalSection(MonoDevelopProperties) = preSolution
		StartupItem = MixpanelTest\MixpanelTest.csproj
	EndGlobalSection
EndGlobal
